
Microsoft Visual Studio Solution File, Format Version 12.00
# Visual Studio Version 16
VisualStudioVersion = 16.0.30128.36
MinimumVisualStudioVersion = 10.0.40219.1
Project("{FAE04EC0-301F-11D3-BF4B-00C04F79EFBC}") = "FtpwebServer", "FtpwebServer\FtpwebServer.csproj", "{0C768C9D-096F-41A8-B15B-74C5E0B1428A}"
EndProject
Global
	GlobalSection(SolutionConfigurationPlatforms) = preSolution
		Debug|Any CPU = Debug|Any CPU
		Release|Any CPU = Release|Any CPU
	EndGlobalSection
	GlobalSection(ProjectConfigurationPlatforms) = postSolution
		{0C768C9D-096F-41A8-B15B-74C5E0B1428A}.Debug|Any CPU.ActiveCfg = Debug|Any CPU
		{0C768C9D-096F-41A8-B15B-74C5E0B1428A}.Debug|Any CPU.Build.0 = Debug|Any CPU
		{0C768C9D-096F-41A8-B15B-74C5E0B1428A}.Release|Any CPU.ActiveCfg = Release|Any CPU
		{0C768C9D-096F-41A8-B15B-74C5E0B1428A}.Release|Any CPU.Build.0 = Release|Any CPU
	EndGlobalSection
	GlobalSection(SolutionProperties) = preSolution
		HideSolutionNode = FALSE
	EndGlobalSection
	GlobalSection(ExtensibilityGlobals) = postSolution
		SolutionGuid = {D36A058E-6397-494D-B40B-3D42F08D2F26}
	EndGlobalSection
EndGlobal
